// !$*UTF8*$!
{
	archiveVersion = 1;
	classes = {
	};
	objectVersion = 56;
	objects = {

/* Begin PBXBuildFile section */
		08476DA02CD1F38100F5084D /* TCA_TutorialsApp.swift in Sources */ = {isa = PBXBuildFile; fileRef = 08476D9F2CD1F38100F5084D /* TCA_TutorialsApp.swift */; };
		08476DA22CD1F38100F5084D /* CounterFeature.swift in Sources */ = {isa = PBXBuildFile; fileRef = 08476DA12CD1F38100F5084D /* CounterFeature.swift */; };
		08476DA42CD1F38300F5084D /* Assets.xcassets in Resources */ = {isa = PBXBuildFile; fileRef = 08476DA32CD1F38300F5084D /* Assets.xcassets */; };
		08476DA72CD1F38300F5084D /* Preview Assets.xcassets in Resources */ = {isa = PBXBuildFile; fileRef = 08476DA62CD1F38300F5084D /* Preview Assets.xcassets */; };
		08476DB12CD1F38300F5084D /* TCA_TutorialsTests.swift in Sources */ = {isa = PBXBuildFile; fileRef = 08476DB02CD1F38300F5084D /* TCA_TutorialsTests.swift */; };
		08476DBB2CD1F38300F5084D /* TCA_TutorialsUITests.swift in Sources */ = {isa = PBXBuildFile; fileRef = 08476DBA2CD1F38300F5084D /* TCA_TutorialsUITests.swift */; };
		08476DBD2CD1F38300F5084D /* TCA_TutorialsUITestsLaunchTests.swift in Sources */ = {isa = PBXBuildFile; fileRef = 08476DBC2CD1F38300F5084D /* TCA_TutorialsUITestsLaunchTests.swift */; };
		08CE873B2CDB4498007B1CFD /* CouterFeatureTests.swift in Sources */ = {isa = PBXBuildFile; fileRef = 08CE873A2CDB4484007B1CFD /* CouterFeatureTests.swift */; };
		08CE873D2CDB5390007B1CFD /* NumberFactClient.swift in Sources */ = {isa = PBXBuildFile; fileRef = 08CE873C2CDB5384007B1CFD /* NumberFactClient.swift */; };
		08CE87402CDB5927007B1CFD /* AppFeature.swift in Sources */ = {isa = PBXBuildFile; fileRef = 08CE873F2CDB591F007B1CFD /* AppFeature.swift */; };
		08CE87422CDB6149007B1CFD /* AppFeatureTests.swift in Sources */ = {isa = PBXBuildFile; fileRef = 08CE87412CDB613E007B1CFD /* AppFeatureTests.swift */; };
		08CE87442CDB690D007B1CFD /* ContactsFeature.swift in Sources */ = {isa = PBXBuildFile; fileRef = 08CE87432CDB68F4007B1CFD /* ContactsFeature.swift */; };
		08CE87462CDB69C9007B1CFD /* AddContactFeature.swift in Sources */ = {isa = PBXBuildFile; fileRef = 08CE87452CDB69BD007B1CFD /* AddContactFeature.swift */; };
		08CE87482CDDFBFC007B1CFD /* ContactDetailFeature.swift in Sources */ = {isa = PBXBuildFile; fileRef = 08CE87472CDDFBF1007B1CFD /* ContactDetailFeature.swift */; };
		08CE874A2CDE0209007B1CFD /* ContactsFeatureTests.swift in Sources */ = {isa = PBXBuildFile; fileRef = 08CE87492CDE01EA007B1CFD /* ContactsFeatureTests.swift */; };
		08D097E62CD237F000687D5E /* ComposableArchitecture in Frameworks */ = {isa = PBXBuildFile; productRef = 08D097E52CD237F000687D5E /* ComposableArchitecture */; };
/* End PBXBuildFile section */

/* Begin PBXContainerItemProxy section */
		08476DAD2CD1F38300F5084D /* PBXContainerItemProxy */ = {
			isa = PBXContainerItemProxy;
			containerPortal = 08476D942CD1F38100F5084D /* Project object */;
			proxyType = 1;
			remoteGlobalIDString = 08476D9B2CD1F38100F5084D;
			remoteInfo = "TCA-Tutorials";
		};
		08476DB72CD1F38300F5084D /* PBXContainerItemProxy */ = {
			isa = PBXContainerItemProxy;
			containerPortal = 08476D942CD1F38100F5084D /* Project object */;
			proxyType = 1;
			remoteGlobalIDString = 08476D9B2CD1F38100F5084D;
			remoteInfo = "TCA-Tutorials";
		};
/* End PBXContainerItemProxy section */

/* Begin PBXFileReference section */
		08476D9C2CD1F38100F5084D /* TCA-Tutorials.app */ = {isa = PBXFileReference; explicitFileType = wrapper.application; includeInIndex = 0; path = "TCA-Tutorials.app"; sourceTree = BUILT_PRODUCTS_DIR; };
		08476D9F2CD1F38100F5084D /* TCA_TutorialsApp.swift */ = {isa = PBXFileReference; lastKnownFileType = sourcecode.swift; path = TCA_TutorialsApp.swift; sourceTree = "<group>"; };
		08476DA12CD1F38100F5084D /* CounterFeature.swift */ = {isa = PBXFileReference; lastKnownFileType = sourcecode.swift; path = CounterFeature.swift; sourceTree = "<group>"; };
		08476DA32CD1F38300F5084D /* Assets.xcassets */ = {isa = PBXFileReference; lastKnownFileType = folder.assetcatalog; path = Assets.xcassets; sourceTree = "<group>"; };
		08476DA62CD1F38300F5084D /* Preview Assets.xcassets */ = {isa = PBXFileReference; lastKnownFileType = folder.assetcatalog; path = "Preview Assets.xcassets"; sourceTree = "<group>"; };
		08476DAC2CD1F38300F5084D /* TCA-TutorialsTests.xctest */ = {isa = PBXFileReference; explicitFileType = wrapper.cfbundle; includeInIndex = 0; path = "TCA-TutorialsTests.xctest"; sourceTree = BUILT_PRODUCTS_DIR; };
		08476DB02CD1F38300F5084D /* TCA_TutorialsTests.swift */ = {isa = PBXFileReference; lastKnownFileType = sourcecode.swift; path = TCA_TutorialsTests.swift; sourceTree = "<group>"; };
		08476DB62CD1F38300F5084D /* TCA-TutorialsUITests.xctest */ = {isa = PBXFileReference; explicitFileType = wrapper.cfbundle; includeInIndex = 0; path = "TCA-TutorialsUITests.xctest"; sourceTree = BUILT_PRODUCTS_DIR; };
		08476DBA2CD1F38300F5084D /* TCA_TutorialsUITests.swift */ = {isa = PBXFileReference; lastKnownFileType = sourcecode.swift; path = TCA_TutorialsUITests.swift; sourceTree = "<group>"; };
		08476DBC2CD1F38300F5084D /* TCA_TutorialsUITestsLaunchTests.swift */ = {isa = PBXFileReference; lastKnownFileType = sourcecode.swift; path = TCA_TutorialsUITestsLaunchTests.swift; sourceTree = "<group>"; };
		08CE873A2CDB4484007B1CFD /* CouterFeatureTests.swift */ = {isa = PBXFileReference; lastKnownFileType = sourcecode.swift; path = CouterFeatureTests.swift; sourceTree = "<group>"; };
		08CE873C2CDB5384007B1CFD /* NumberFactClient.swift */ = {isa = PBXFileReference; lastKnownFileType = sourcecode.swift; path = NumberFactClient.swift; sourceTree = "<group>"; };
		08CE873F2CDB591F007B1CFD /* AppFeature.swift */ = {isa = PBXFileReference; lastKnownFileType = sourcecode.swift; path = AppFeature.swift; sourceTree = "<group>"; };
		08CE87412CDB613E007B1CFD /* AppFeatureTests.swift */ = {isa = PBXFileReference; lastKnownFileType = sourcecode.swift; path = AppFeatureTests.swift; sourceTree = "<group>"; };
		08CE87432CDB68F4007B1CFD /* ContactsFeature.swift */ = {isa = PBXFileReference; lastKnownFileType = sourcecode.swift; path = ContactsFeature.swift; sourceTree = "<group>"; };
		08CE87452CDB69BD007B1CFD /* AddContactFeature.swift */ = {isa = PBXFileReference; lastKnownFileType = sourcecode.swift; path = AddContactFeature.swift; sourceTree = "<group>"; };
		08CE87472CDDFBF1007B1CFD /* ContactDetailFeature.swift */ = {isa = PBXFileReference; lastKnownFileType = sourcecode.swift; path = ContactDetailFeature.swift; sourceTree = "<group>"; };
		08CE87492CDE01EA007B1CFD /* ContactsFeatureTests.swift */ = {isa = PBXFileReference; lastKnownFileType = sourcecode.swift; path = ContactsFeatureTests.swift; sourceTree = "<group>"; };
		08E6621D2CDA0BF4006C1190 /* Info.plist */ = {isa = PBXFileReference; lastKnownFileType = text.plist; path = Info.plist; sourceTree = "<group>"; };
/* End PBXFileReference section */

/* Begin PBXFrameworksBuildPhase section */
		08476D992CD1F38100F5084D /* Frameworks */ = {
			isa = PBXFrameworksBuildPhase;
			buildActionMask = 2147483647;
			files = (
				08D097E62CD237F000687D5E /* ComposableArchitecture in Frameworks */,
			);
			runOnlyForDeploymentPostprocessing = 0;
		};
		08476DA92CD1F38300F5084D /* Frameworks */ = {
			isa = PBXFrameworksBuildPhase;
			buildActionMask = 2147483647;
			files = (
			);
			runOnlyForDeploymentPostprocessing = 0;
		};
		08476DB32CD1F38300F5084D /* Frameworks */ = {
			isa = PBXFrameworksBuildPhase;
			buildActionMask = 2147483647;
			files = (
			);
			runOnlyForDeploymentPostprocessing = 0;
		};
/* End PBXFrameworksBuildPhase section */

/* Begin PBXGroup section */
		08476D932CD1F38100F5084D = {
			isa = PBXGroup;
			children = (
				08476D9E2CD1F38100F5084D /* TCA-Tutorials */,
				08476DAF2CD1F38300F5084D /* TCA-TutorialsTests */,
				08476DB92CD1F38300F5084D /* TCA-TutorialsUITests */,
				08476D9D2CD1F38100F5084D /* Products */,
				08D097E42CD237F000687D5E /* Frameworks */,
			);
			sourceTree = "<group>";
		};
		08476D9D2CD1F38100F5084D /* Products */ = {
			isa = PBXGroup;
			children = (
				08476D9C2CD1F38100F5084D /* TCA-Tutorials.app */,
				08476DAC2CD1F38300F5084D /* TCA-TutorialsTests.xctest */,
				08476DB62CD1F38300F5084D /* TCA-TutorialsUITests.xctest */,
			);
			name = Products;
			sourceTree = "<group>";
		};
		08476D9E2CD1F38100F5084D /* TCA-Tutorials */ = {
			isa = PBXGroup;
			children = (
				08CE87472CDDFBF1007B1CFD /* ContactDetailFeature.swift */,
				08CE87452CDB69BD007B1CFD /* AddContactFeature.swift */,
				08CE87432CDB68F4007B1CFD /* ContactsFeature.swift */,
				08CE873F2CDB591F007B1CFD /* AppFeature.swift */,
				08CE873C2CDB5384007B1CFD /* NumberFactClient.swift */,
				08E6621D2CDA0BF4006C1190 /* Info.plist */,
				08476D9F2CD1F38100F5084D /* TCA_TutorialsApp.swift */,
				08476DA12CD1F38100F5084D /* CounterFeature.swift */,
				08476DA32CD1F38300F5084D /* Assets.xcassets */,
				08476DA52CD1F38300F5084D /* Preview Content */,
			);
			path = "TCA-Tutorials";
			sourceTree = "<group>";
		};
		08476DA52CD1F38300F5084D /* Preview Content */ = {
			isa = PBXGroup;
			children = (
				08476DA62CD1F38300F5084D /* Preview Assets.xcassets */,
			);
			path = "Preview Content";
			sourceTree = "<group>";
		};
		08476DAF2CD1F38300F5084D /* TCA-TutorialsTests */ = {
			isa = PBXGroup;
			children = (
				08CE87492CDE01EA007B1CFD /* ContactsFeatureTests.swift */,
				08CE87412CDB613E007B1CFD /* AppFeatureTests.swift */,
				08CE873A2CDB4484007B1CFD /* CouterFeatureTests.swift */,
				08476DB02CD1F38300F5084D /* TCA_TutorialsTests.swift */,
			);
			path = "TCA-TutorialsTests";
			sourceTree = "<group>";
		};
		08476DB92CD1F38300F5084D /* TCA-TutorialsUITests */ = {
			isa = PBXGroup;
			children = (
				08476DBA2CD1F38300F5084D /* TCA_TutorialsUITests.swift */,
				08476DBC2CD1F38300F5084D /* TCA_TutorialsUITestsLaunchTests.swift */,
			);
			path = "TCA-TutorialsUITests";
			sourceTree = "<group>";
		};
		08D097E42CD237F000687D5E /* Frameworks */ = {
			isa = PBXGroup;
			children = (
			);
			name = Frameworks;
			sourceTree = "<group>";
		};
/* End PBXGroup section */

/* Begin PBXNativeTarget section */
		08476D9B2CD1F38100F5084D /* TCA-Tutorials */ = {
			isa = PBXNativeTarget;
			buildConfigurationList = 08476DC02CD1F38300F5084D /* Build configuration list for PBXNativeTarget "TCA-Tutorials" */;
			buildPhases = (
				08476D982CD1F38100F5084D /* Sources */,
				08476D992CD1F38100F5084D /* Frameworks */,
				08476D9A2CD1F38100F5084D /* Resources */,
			);
			buildRules = (
			);
			dependencies = (
			);
			name = "TCA-Tutorials";
			packageProductDependencies = (
				08D097E52CD237F000687D5E /* ComposableArchitecture */,
			);
			productName = "TCA-Tutorials";
			productReference = 08476D9C2CD1F38100F5084D /* TCA-Tutorials.app */;
			productType = "com.apple.product-type.application";
		};
		08476DAB2CD1F38300F5084D /* TCA-TutorialsTests */ = {
			isa = PBXNativeTarget;
			buildConfigurationList = 08476DC32CD1F38300F5084D /* Build configuration list for PBXNativeTarget "TCA-TutorialsTests" */;
			buildPhases = (
				08476DA82CD1F38300F5084D /* Sources */,
				08476DA92CD1F38300F5084D /* Frameworks */,
				08476DAA2CD1F38300F5084D /* Resources */,
			);
			buildRules = (
			);
			dependencies = (
				08476DAE2CD1F38300F5084D /* PBXTargetDependency */,
			);
			name = "TCA-TutorialsTests";
			productName = "TCA-TutorialsTests";
			productReference = 08476DAC2CD1F38300F5084D /* TCA-TutorialsTests.xctest */;
			productType = "com.apple.product-type.bundle.unit-test";
		};
		08476DB52CD1F38300F5084D /* TCA-TutorialsUITests */ = {
			isa = PBXNativeTarget;
			buildConfigurationList = 08476DC62CD1F38300F5084D /* Build configuration list for PBXNativeTarget "TCA-TutorialsUITests" */;
			buildPhases = (
				08476DB22CD1F38300F5084D /* Sources */,
				08476DB32CD1F38300F5084D /* Frameworks */,
				08476DB42CD1F38300F5084D /* Resources */,
			);
			buildRules = (
			);
			dependencies = (
				08476DB82CD1F38300F5084D /* PBXTargetDependency */,
			);
			name = "TCA-TutorialsUITests";
			productName = "TCA-TutorialsUITests";
			productReference = 08476DB62CD1F38300F5084D /* TCA-TutorialsUITests.xctest */;
			productType = "com.apple.product-type.bundle.ui-testing";
		};
/* End PBXNativeTarget section */

/* Begin PBXProject section */
		08476D942CD1F38100F5084D /* Project object */ = {
			isa = PBXProject;
			attributes = {
				BuildIndependentTargetsInParallel = 1;
				LastSwiftUpdateCheck = 1540;
				LastUpgradeCheck = 1610;
				TargetAttributes = {
					08476D9B2CD1F38100F5084D = {
						CreatedOnToolsVersion = 15.4;
					};
					08476DAB2CD1F38300F5084D = {
						CreatedOnToolsVersion = 15.4;
						TestTargetID = 08476D9B2CD1F38100F5084D;
					};
					08476DB52CD1F38300F5084D = {
						CreatedOnToolsVersion = 15.4;
						TestTargetID = 08476D9B2CD1F38100F5084D;
					};
				};
			};
			buildConfigurationList = 08476D972CD1F38100F5084D /* Build configuration list for PBXProject "TCA-Tutorials" */;
			compatibilityVersion = "Xcode 14.0";
			developmentRegion = en;
			hasScannedForEncodings = 0;
			knownRegions = (
				en,
				Base,
			);
			mainGroup = 08476D932CD1F38100F5084D;
			packageReferences = (
				08476DCB2CD1F4ED00F5084D /* XCRemoteSwiftPackageReference "swift-composable-architecture" */,
			);
			productRefGroup = 08476D9D2CD1F38100F5084D /* Products */;
			projectDirPath = "";
			projectRoot = "";
			targets = (
				08476D9B2CD1F38100F5084D /* TCA-Tutorials */,
				08476DAB2CD1F38300F5084D /* TCA-TutorialsTests */,
				08476DB52CD1F38300F5084D /* TCA-TutorialsUITests */,
			);
		};
/* End PBXProject section */

/* Begin PBXResourcesBuildPhase section */
		08476D9A2CD1F38100F5084D /* Resources */ = {
			isa = PBXResourcesBuildPhase;
			buildActionMask = 2147483647;
			files = (
				08476DA72CD1F38300F5084D /* Preview Assets.xcassets in Resources */,
				08476DA42CD1F38300F5084D /* Assets.xcassets in Resources */,
			);
			runOnlyForDeploymentPostprocessing = 0;
		};
		08476DAA2CD1F38300F5084D /* Resources */ = {
			isa = PBXResourcesBuildPhase;
			buildActionMask = 2147483647;
			files = (
			);
			runOnlyForDeploymentPostprocessing = 0;
		};
		08476DB42CD1F38300F5084D /* Resources */ = {
			isa = PBXResourcesBuildPhase;
			buildActionMask = 2147483647;
			files = (
			);
			runOnlyForDeploymentPostprocessing = 0;
		};
/* End PBXResourcesBuildPhase section */

/* Begin PBXSourcesBuildPhase section */
		08476D982CD1F38100F5084D /* Sources */ = {
			isa = PBXSourcesBuildPhase;
			buildActionMask = 2147483647;
			files = (
				08CE87402CDB5927007B1CFD /* AppFeature.swift in Sources */,
				08CE87462CDB69C9007B1CFD /* AddContactFeature.swift in Sources */,
				08CE873D2CDB5390007B1CFD /* NumberFactClient.swift in Sources */,
				08476DA22CD1F38100F5084D /* CounterFeature.swift in Sources */,
				08CE87482CDDFBFC007B1CFD /* ContactDetailFeature.swift in Sources */,
				08476DA02CD1F38100F5084D /* TCA_TutorialsApp.swift in Sources */,
				08CE87442CDB690D007B1CFD /* ContactsFeature.swift in Sources */,
			);
			runOnlyForDeploymentPostprocessing = 0;
		};
		08476DA82CD1F38300F5084D /* Sources */ = {
			isa = PBXSourcesBuildPhase;
			buildActionMask = 2147483647;
			files = (
				08CE873B2CDB4498007B1CFD /* CouterFeatureTests.swift in Sources */,
				08476DB12CD1F38300F5084D /* TCA_TutorialsTests.swift in Sources */,
				08CE87422CDB6149007B1CFD /* AppFeatureTests.swift in Sources */,
				08CE874A2CDE0209007B1CFD /* ContactsFeatureTests.swift in Sources */,
			);
			runOnlyForDeploymentPostprocessing = 0;
		};
		08476DB22CD1F38300F5084D /* Sources */ = {
			isa = PBXSourcesBuildPhase;
			buildActionMask = 2147483647;
			files = (
				08476DBB2CD1F38300F5084D /* TCA_TutorialsUITests.swift in Sources */,
				08476DBD2CD1F38300F5084D /* TCA_TutorialsUITestsLaunchTests.swift in Sources */,
			);
			runOnlyForDeploymentPostprocessing = 0;
		};
/* End PBXSourcesBuildPhase section */

/* Begin PBXTargetDependency section */
		08476DAE2CD1F38300F5084D /* PBXTargetDependency */ = {
			isa = PBXTargetDependency;
			target = 08476D9B2CD1F38100F5084D /* TCA-Tutorials */;
			targetProxy = 08476DAD2CD1F38300F5084D /* PBXContainerItemProxy */;
		};
		08476DB82CD1F38300F5084D /* PBXTargetDependency */ = {
			isa = PBXTargetDependency;
			target = 08476D9B2CD1F38100F5084D /* TCA-Tutorials */;
			targetProxy = 08476DB72CD1F38300F5084D /* PBXContainerItemProxy */;
		};
/* End PBXTargetDependency section */

/* Begin XCBuildConfiguration section */
		08476DBE2CD1F38300F5084D /* Debug */ = {
			isa = XCBuildConfiguration;
			buildSettings = {
				ALWAYS_SEARCH_USER_PATHS = NO;
				ASSETCATALOG_COMPILER_GENERATE_SWIFT_ASSET_SYMBOL_EXTENSIONS = YES;
				CLANG_ANALYZER_NONNULL = YES;
				CLANG_ANALYZER_NUMBER_OBJECT_CONVERSION = YES_AGGRESSIVE;
				CLANG_CXX_LANGUAGE_STANDARD = "gnu++20";
				CLANG_ENABLE_MODULES = YES;
				CLANG_ENABLE_OBJC_ARC = YES;
				CLANG_ENABLE_OBJC_WEAK = YES;
				CLANG_WARN_BLOCK_CAPTURE_AUTORELEASING = YES;
				CLANG_WARN_BOOL_CONVERSION = YES;
				CLANG_WARN_COMMA = YES;
				CLANG_WARN_CONSTANT_CONVERSION = YES;
				CLANG_WARN_DEPRECATED_OBJC_IMPLEMENTATIONS = YES;
				CLANG_WARN_DIRECT_OBJC_ISA_USAGE = YES_ERROR;
				CLANG_WARN_DOCUMENTATION_COMMENTS = YES;
				CLANG_WARN_EMPTY_BODY = YES;
				CLANG_WARN_ENUM_CONVERSION = YES;
				CLANG_WARN_INFINITE_RECURSION = YES;
				CLANG_WARN_INT_CONVERSION = YES;
				CLANG_WARN_NON_LITERAL_NULL_CONVERSION = YES;
				CLANG_WARN_OBJC_IMPLICIT_RETAIN_SELF = YES;
				CLANG_WARN_OBJC_LITERAL_CONVERSION = YES;
				CLANG_WARN_OBJC_ROOT_CLASS = YES_ERROR;
				CLANG_WARN_QUOTED_INCLUDE_IN_FRAMEWORK_HEADER = YES;
				CLANG_WARN_RANGE_LOOP_ANALYSIS = YES;
				CLANG_WARN_STRICT_PROTOTYPES = YES;
				CLANG_WARN_SUSPICIOUS_MOVE = YES;
				CLANG_WARN_UNGUARDED_AVAILABILITY = YES_AGGRESSIVE;
				CLANG_WARN_UNREACHABLE_CODE = YES;
				CLANG_WARN__DUPLICATE_METHOD_MATCH = YES;
				COPY_PHASE_STRIP = NO;
				DEBUG_INFORMATION_FORMAT = dwarf;
				ENABLE_STRICT_OBJC_MSGSEND = YES;
				ENABLE_TESTABILITY = YES;
				ENABLE_USER_SCRIPT_SANDBOXING = YES;
				GCC_C_LANGUAGE_STANDARD = gnu17;
				GCC_DYNAMIC_NO_PIC = NO;
				GCC_NO_COMMON_BLOCKS = YES;
				GCC_OPTIMIZATION_LEVEL = 0;
				GCC_PREPROCESSOR_DEFINITIONS = (
					"DEBUG=1",
					"$(inherited)",
				);
				GCC_WARN_64_TO_32_BIT_CONVERSION = YES;
				GCC_WARN_ABOUT_RETURN_TYPE = YES_ERROR;
				GCC_WARN_UNDECLARED_SELECTOR = YES;
				GCC_WARN_UNINITIALIZED_AUTOS = YES_AGGRESSIVE;
				GCC_WARN_UNUSED_FUNCTION = YES;
				GCC_WARN_UNUSED_VARIABLE = YES;
				IPHONEOS_DEPLOYMENT_TARGET = 17.5;
				LOCALIZATION_PREFERS_STRING_CATALOGS = YES;
				MTL_ENABLE_DEBUG_INFO = INCLUDE_SOURCE;
				MTL_FAST_MATH = YES;
				ONLY_ACTIVE_ARCH = YES;
				SDKROOT = iphoneos;
				SWIFT_ACTIVE_COMPILATION_CONDITIONS = "DEBUG $(inherited)";
				SWIFT_OPTIMIZATION_LEVEL = "-Onone";
			};
			name = Debug;
		};
		08476DBF2CD1F38300F5084D /* Release */ = {
			isa = XCBuildConfiguration;
			buildSettings = {
				ALWAYS_SEARCH_USER_PATHS = NO;
				ASSETCATALOG_COMPILER_GENERATE_SWIFT_ASSET_SYMBOL_EXTENSIONS = YES;
				CLANG_ANALYZER_NONNULL = YES;
				CLANG_ANALYZER_NUMBER_OBJECT_CONVERSION = YES_AGGRESSIVE;
				CLANG_CXX_LANGUAGE_STANDARD = "gnu++20";
				CLANG_ENABLE_MODULES = YES;
				CLANG_ENABLE_OBJC_ARC = YES;
				CLANG_ENABLE_OBJC_WEAK = YES;
				CLANG_WARN_BLOCK_CAPTURE_AUTORELEASING = YES;
				CLANG_WARN_BOOL_CONVERSION = YES;
				CLANG_WARN_COMMA = YES;
				CLANG_WARN_CONSTANT_CONVERSION = YES;
				CLANG_WARN_DEPRECATED_OBJC_IMPLEMENTATIONS = YES;
				CLANG_WARN_DIRECT_OBJC_ISA_USAGE = YES_ERROR;
				CLANG_WARN_DOCUMENTATION_COMMENTS = YES;
				CLANG_WARN_EMPTY_BODY = YES;
				CLANG_WARN_ENUM_CONVERSION = YES;
				CLANG_WARN_INFINITE_RECURSION = YES;
				CLANG_WARN_INT_CONVERSION = YES;
				CLANG_WARN_NON_LITERAL_NULL_CONVERSION = YES;
				CLANG_WARN_OBJC_IMPLICIT_RETAIN_SELF = YES;
				CLANG_WARN_OBJC_LITERAL_CONVERSION = YES;
				CLANG_WARN_OBJC_ROOT_CLASS = YES_ERROR;
				CLANG_WARN_QUOTED_INCLUDE_IN_FRAMEWORK_HEADER = YES;
				CLANG_WARN_RANGE_LOOP_ANALYSIS = YES;
				CLANG_WARN_STRICT_PROTOTYPES = YES;
				CLANG_WARN_SUSPICIOUS_MOVE = YES;
				CLANG_WARN_UNGUARDED_AVAILABILITY = YES_AGGRESSIVE;
				CLANG_WARN_UNREACHABLE_CODE = YES;
				CLANG_WARN__DUPLICATE_METHOD_MATCH = YES;
				COPY_PHASE_STRIP = NO;
				DEBUG_INFORMATION_FORMAT = "dwarf-with-dsym";
				ENABLE_NS_ASSERTIONS = NO;
				ENABLE_STRICT_OBJC_MSGSEND = YES;
				ENABLE_USER_SCRIPT_SANDBOXING = YES;
				GCC_C_LANGUAGE_STANDARD = gnu17;
				GCC_NO_COMMON_BLOCKS = YES;
				GCC_WARN_64_TO_32_BIT_CONVERSION = YES;
				GCC_WARN_ABOUT_RETURN_TYPE = YES_ERROR;
				GCC_WARN_UNDECLARED_SELECTOR = YES;
				GCC_WARN_UNINITIALIZED_AUTOS = YES_AGGRESSIVE;
				GCC_WARN_UNUSED_FUNCTION = YES;
				GCC_WARN_UNUSED_VARIABLE = YES;
				IPHONEOS_DEPLOYMENT_TARGET = 17.5;
				LOCALIZATION_PREFERS_STRING_CATALOGS = YES;
				MTL_ENABLE_DEBUG_INFO = NO;
				MTL_FAST_MATH = YES;
				SDKROOT = iphoneos;
				SWIFT_COMPILATION_MODE = wholemodule;
				VALIDATE_PRODUCT = YES;
			};
			name = Release;
		};
		08476DC12CD1F38300F5084D /* Debug */ = {
			isa = XCBuildConfiguration;
			buildSettings = {
				ASSETCATALOG_COMPILER_APPICON_NAME = AppIcon;
				ASSETCATALOG_COMPILER_GLOBAL_ACCENT_COLOR_NAME = AccentColor;
				CODE_SIGN_STYLE = Automatic;
				CURRENT_PROJECT_VERSION = 1;
				DEVELOPMENT_ASSET_PATHS = "\"TCA-Tutorials/Preview Content\"";
				DEVELOPMENT_TEAM = J6WCJNZ6QA;
				ENABLE_PREVIEWS = YES;
				GENERATE_INFOPLIST_FILE = YES;
				INFOPLIST_FILE = "TCA-Tutorials/Info.plist";
				INFOPLIST_KEY_UIApplicationSceneManifest_Generation = YES;
				INFOPLIST_KEY_UIApplicationSupportsIndirectInputEvents = YES;
				INFOPLIST_KEY_UILaunchScreen_Generation = YES;
				INFOPLIST_KEY_UISupportedInterfaceOrientations_iPad = "UIInterfaceOrientationPortrait UIInterfaceOrientationPortraitUpsideDown UIInterfaceOrientationLandscapeLeft UIInterfaceOrientationLandscapeRight";
				INFOPLIST_KEY_UISupportedInterfaceOrientations_iPhone = "UIInterfaceOrientationPortrait UIInterfaceOrientationLandscapeLeft UIInterfaceOrientationLandscapeRight";
				LD_RUNPATH_SEARCH_PATHS = (
					"$(inherited)",
					"@executable_path/Frameworks",
				);
				MARKETING_VERSION = 1.0;
				PRODUCT_BUNDLE_IDENTIFIER = "name.sophiesun.TCA-Tutorials";
				PRODUCT_NAME = "$(TARGET_NAME)";
				SWIFT_EMIT_LOC_STRINGS = YES;
				SWIFT_VERSION = 5.0;
				TARGETED_DEVICE_FAMILY = "1,2";
			};
			name = Debug;
		};
		08476DC22CD1F38300F5084D /* Release */ = {
			isa = XCBuildConfiguration;
			buildSettings = {
				ASSETCATALOG_COMPILER_APPICON_NAME = AppIcon;
				ASSETCATALOG_COMPILER_GLOBAL_ACCENT_COLOR_NAME = AccentColor;
				CODE_SIGN_STYLE = Automatic;
				CURRENT_PROJECT_VERSION = 1;
				DEVELOPMENT_ASSET_PATHS = "\"TCA-Tutorials/Preview Content\"";
				DEVELOPMENT_TEAM = J6WCJNZ6QA;
				ENABLE_PREVIEWS = YES;
				GENERATE_INFOPLIST_FILE = YES;
				INFOPLIST_FILE = "TCA-Tutorials/Info.plist";
				INFOPLIST_KEY_UIApplicationSceneManifest_Generation = YES;
				INFOPLIST_KEY_UIApplicationSupportsIndirectInputEvents = YES;
				INFOPLIST_KEY_UILaunchScreen_Generation = YES;
				INFOPLIST_KEY_UISupportedInterfaceOrientations_iPad = "UIInterfaceOrientationPortrait UIInterfaceOrientationPortraitUpsideDown UIInterfaceOrientationLandscapeLeft UIInterfaceOrientationLandscapeRight";
				INFOPLIST_KEY_UISupportedInterfaceOrientations_iPhone = "UIInterfaceOrientationPortrait UIInterfaceOrientationLandscapeLeft UIInterfaceOrientationLandscapeRight";
				LD_RUNPATH_SEARCH_PATHS = (
					"$(inherited)",
					"@executable_path/Frameworks",
				);
				MARKETING_VERSION = 1.0;
				PRODUCT_BUNDLE_IDENTIFIER = "name.sophiesun.TCA-Tutorials";
				PRODUCT_NAME = "$(TARGET_NAME)";
				SWIFT_EMIT_LOC_STRINGS = YES;
				SWIFT_VERSION = 5.0;
				TARGETED_DEVICE_FAMILY = "1,2";
			};
			name = Release;
		};
		08476DC42CD1F38300F5084D /* Debug */ = {
			isa = XCBuildConfiguration;
			buildSettings = {
				BUNDLE_LOADER = "$(TEST_HOST)";
				CODE_SIGN_STYLE = Automatic;
				CURRENT_PROJECT_VERSION = 1;
				DEVELOPMENT_TEAM = ETCRPHYQG4;
				GENERATE_INFOPLIST_FILE = YES;
				IPHONEOS_DEPLOYMENT_TARGET = 17.5;
				MARKETING_VERSION = 1.0;
				PRODUCT_BUNDLE_IDENTIFIER = "name.sophiesun.TCA-TutorialsTests";
				PRODUCT_NAME = "$(TARGET_NAME)";
				SWIFT_EMIT_LOC_STRINGS = NO;
				SWIFT_VERSION = 5.0;
				TARGETED_DEVICE_FAMILY = "1,2";
				TEST_HOST = "$(BUILT_PRODUCTS_DIR)/TCA-Tutorials.app/$(BUNDLE_EXECUTABLE_FOLDER_PATH)/TCA-Tutorials";
			};
			name = Debug;
		};
		08476DC52CD1F38300F5084D /* Release */ = {
			isa = XCBuildConfiguration;
			buildSettings = {
				BUNDLE_LOADER = "$(TEST_HOST)";
				CODE_SIGN_STYLE = Automatic;
				CURRENT_PROJECT_VERSION = 1;
				DEVELOPMENT_TEAM = ETCRPHYQG4;
				GENERATE_INFOPLIST_FILE = YES;
				IPHONEOS_DEPLOYMENT_TARGET = 17.5;
				MARKETING_VERSION = 1.0;
				PRODUCT_BUNDLE_IDENTIFIER = "name.sophiesun.TCA-TutorialsTests";
				PRODUCT_NAME = "$(TARGET_NAME)";
				SWIFT_EMIT_LOC_STRINGS = NO;
				SWIFT_VERSION = 5.0;
				TARGETED_DEVICE_FAMILY = "1,2";
				TEST_HOST = "$(BUILT_PRODUCTS_DIR)/TCA-Tutorials.app/$(BUNDLE_EXECUTABLE_FOLDER_PATH)/TCA-Tutorials";
			};
			name = Release;
		};
		08476DC72CD1F38300F5084D /* Debug */ = {
			isa = XCBuildConfiguration;
			buildSettings = {
				CODE_SIGN_STYLE = Automatic;
				CURRENT_PROJECT_VERSION = 1;
				DEVELOPMENT_TEAM = ETCRPHYQG4;
				GENERATE_INFOPLIST_FILE = YES;
				MARKETING_VERSION = 1.0;
				PRODUCT_BUNDLE_IDENTIFIER = "name.sophiesun.TCA-TutorialsUITests";
				PRODUCT_NAME = "$(TARGET_NAME)";
				SWIFT_EMIT_LOC_STRINGS = NO;
				SWIFT_VERSION = 5.0;
				TARGETED_DEVICE_FAMILY = "1,2";
				TEST_TARGET_NAME = "TCA-Tutorials";
			};
			name = Debug;
		};
		08476DC82CD1F38300F5084D /* Release */ = {
			isa = XCBuildConfiguration;
			buildSettings = {
				CODE_SIGN_STYLE = Automatic;
				CURRENT_PROJECT_VERSION = 1;
				DEVELOPMENT_TEAM = ETCRPHYQG4;
				GENERATE_INFOPLIST_FILE = YES;
				MARKETING_VERSION = 1.0;
				PRODUCT_BUNDLE_IDENTIFIER = "name.sophiesun.TCA-TutorialsUITests";
				PRODUCT_NAME = "$(TARGET_NAME)";
				SWIFT_EMIT_LOC_STRINGS = NO;
				SWIFT_VERSION = 5.0;
				TARGETED_DEVICE_FAMILY = "1,2";
				TEST_TARGET_NAME = "TCA-Tutorials";
			};
			name = Release;
		};
/* End XCBuildConfiguration section */

/* Begin XCConfigurationList section */
		08476D972CD1F38100F5084D /* Build configuration list for PBXProject "TCA-Tutorials" */ = {
			isa = XCConfigurationList;
			buildConfigurations = (
				08476DBE2CD1F38300F5084D /* Debug */,
				08476DBF2CD1F38300F5084D /* Release */,
			);
			defaultConfigurationIsVisible = 0;
			defaultConfigurationName = Release;
		};
		08476DC02CD1F38300F5084D /* Build configuration list for PBXNativeTarget "TCA-Tutorials" */ = {
			isa = XCConfigurationList;
			buildConfigurations = (
				08476DC12CD1F38300F5084D /* Debug */,
				08476DC22CD1F38300F5084D /* Release */,
			);
			defaultConfigurationIsVisible = 0;
			defaultConfigurationName = Release;
		};
		08476DC32CD1F38300F5084D /* Build configuration list for PBXNativeTarget "TCA-TutorialsTests" */ = {
			isa = XCConfigurationList;
			buildConfigurations = (
				08476DC42CD1F38300F5084D /* Debug */,
				08476DC52CD1F38300F5084D /* Release */,
			);
			defaultConfigurationIsVisible = 0;
			defaultConfigurationName = Release;
		};
		08476DC62CD1F38300F5084D /* Build configuration list for PBXNativeTarget "TCA-TutorialsUITests" */ = {
			isa = XCConfigurationList;
			buildConfigurations = (
				08476DC72CD1F38300F5084D /* Debug */,
				08476DC82CD1F38300F5084D /* Release */,
			);
			defaultConfigurationIsVisible = 0;
			defaultConfigurationName = Release;
		};
/* End XCConfigurationList section */

/* Begin XCRemoteSwiftPackageReference section */
		08476DCB2CD1F4ED00F5084D /* XCRemoteSwiftPackageReference "swift-composable-architecture" */ = {
			isa = XCRemoteSwiftPackageReference;
			repositoryURL = "https://github.com/pointfreeco/swift-composable-architecture";
			requirement = {
				kind = upToNextMajorVersion;
				minimumVersion = 1.15.2;
			};
		};
/* End XCRemoteSwiftPackageReference section */

/* Begin XCSwiftPackageProductDependency section */
		08D097E52CD237F000687D5E /* ComposableArchitecture */ = {
			isa = XCSwiftPackageProductDependency;
			package = 08476DCB2CD1F4ED00F5084D /* XCRemoteSwiftPackageReference "swift-composable-architecture" */;
			productName = ComposableArchitecture;
		};
/* End XCSwiftPackageProductDependency section */
	};
	rootObject = 08476D942CD1F38100F5084D /* Project object */;
}
